
Microsoft Visual Studio Solution File, Format Version 12.00
# Visual Studio Version 16
VisualStudioVersion = 16.0.29326.143
MinimumVisualStudioVersion = 10.0.40219.1
Project("{9A19103F-16F7-4668-BE54-9A1E7A4F7556}") = "TrainingDiary", "TrainingDiary\TrainingDiary.csproj", "{CF2492B3-21AD-4112-9182-15F536CC9D6B}"
EndProject
Global
	GlobalSection(SolutionConfigurationPlatforms) = preSolution
		Debug|Any CPU = Debug|Any CPU
		Release|Any CPU = Release|Any CPU
	EndGlobalSection
	GlobalSection(ProjectConfigurationPlatforms) = postSolution
		{CF2492B3-21AD-4112-9182-15F536CC9D6B}.Debug|Any CPU.ActiveCfg = Debug|Any CPU
		{CF2492B3-21AD-4112-9182-15F536CC9D6B}.Debug|Any CPU.Build.0 = Debug|Any CPU
		{CF2492B3-21AD-4112-9182-15F536CC9D6B}.Release|Any CPU.ActiveCfg = Release|Any CPU
		{CF2492B3-21AD-4112-9182-15F536CC9D6B}.Release|Any CPU.Build.0 = Release|Any CPU
	EndGlobalSection
	GlobalSection(SolutionProperties) = preSolution
		HideSolutionNode = FALSE
	EndGlobalSection
	GlobalSection(ExtensibilityGlobals) = postSolution
		SolutionGuid = {8D10C645-5A25-4CC6-816B-538C55881248}
	EndGlobalSection
EndGlobal
